Microsoft Visual Studio Solution File, Format Version 11.00
# Visual Studio 2008

Project("{3240BC59-D46C-E6A6-1288-CA5C3CD19C03}") = "MirrorImage", "Assembly-CSharp.csproj", "{99A4E06C-DBFC-94D1-3D4A-F08E5AA30B4D}"
EndProject
Global
	GlobalSection(SolutionConfigurationPlatforms) = preSolution
		Debug|Any CPU = Debug|Any CPU
		Release|Any CPU = Release|Any CPU
	EndGlobalSection
	GlobalSection(ProjectConfigurationPlatforms) = postSolution
		{99A4E06C-DBFC-94D1-3D4A-F08E5AA30B4D}.Debug|Any CPU.ActiveCfg = Debug|Any CPU
		{99A4E06C-DBFC-94D1-3D4A-F08E5AA30B4D}.Debug|Any CPU.Build.0 = Debug|Any CPU
		{99A4E06C-DBFC-94D1-3D4A-F08E5AA30B4D}.Release|Any CPU.ActiveCfg = Release|Any CPU
		{99A4E06C-DBFC-94D1-3D4A-F08E5AA30B4D}.Release|Any CPU.Build.0 = Release|Any CPU
	EndGlobalSection
	GlobalSection(SolutionProperties) = preSolution
		HideSolutionNode = FALSE
	EndGlobalSection
	GlobalSection(MonoDevelopProperties) = preSolution
		StartupItem = Assembly-CSharp.csproj
	EndGlobalSection
EndGlobal
